lockfileVersion: 5.3

specifiers:
  '@fortawesome/fontawesome-free': ^5.15.3
  '@sveltejs/vite-plugin-svelte': ^1.0.0-next.6
  bulma: ^0.9.2
  dainte: ^0.1.5
  prettier: ^2.2.1
  query-string: ^6.14.1
  svelte: ^3.37.0
  svelte-spa-router: ^3.1.0
  uuid: ^8.3.2
  vite: ^2.1.5

dependencies:
  '@fortawesome/fontawesome-free': 5.15.3
  bulma: 0.9.2
  query-string: 6.14.1
  svelte: 3.37.0
  svelte-spa-router: 3.1.0
  uuid: 8.3.2

devDependencies:
  '@sveltejs/vite-plugin-svelte': 1.0.0-next.6_svelte@3.37.0+vite@2.1.5
  dainte: 0.1.5
  prettier: 2.2.1
  vite: 2.1.5

packages:

  /@fortawesome/fontawesome-free/5.15.3:
    resolution: {integrity: sha512-rFnSUN/QOtnOAgqFRooTA3H57JLDm0QEG/jPdk+tLQNL/eWd+Aok8g3qCI+Q1xuDPWpGW/i9JySpJVsq8Q0s9w==}
    engines: {node: '>=6'}
    requiresBuild: true
    dev: false

  /@rollup/plugin-node-resolve/11.2.1_rollup@2.45.2:
    resolution: {integrity: sha512-yc2n43jcqVyGE2sqV5/YCmocy9ArjVAP/BeXyTtADTBBX6V0e5UMqwO8CdQ0kzjb6zu5P1qMzsScCMRvE9OlVg==}
    engines: {node: '>= 10.0.0'}
    peerDependencies:
      rollup: ^1.20.0||^2.0.0
    dependencies:
      '@rollup/pluginutils': 3.1.0_rollup@2.45.2
      '@types/resolve': 1.17.1
      builtin-modules: 3.2.0
      deepmerge: 4.2.2
      is-module: 1.0.0
      resolve: 1.20.0
      rollup: 2.45.2
    dev: true

  /@rollup/pluginutils/3.1.0_rollup@2.45.2:
    resolution: {integrity: sha512-GksZ6pr6TpIjHm8h9lSQ8pi8BE9VeubNT0OMJ3B5uZJ8pz73NPiqOtCog/x2/QzM1ENChPKxMDhiQuRHsqc+lg==}
    engines: {node: '>= 8.0.0'}
    peerDependencies:
      rollup: ^1.20.0||^2.0.0
    dependencies:
      '@types/estree': 0.0.39
      estree-walker: 1.0.1
      picomatch: 2.2.3
      rollup: 2.45.2
    dev: true

  /@rollup/pluginutils/4.1.0:
    resolution: {integrity: sha512-TrBhfJkFxA+ER+ew2U2/fHbebhLT/l/2pRk0hfj9KusXUuRXd2v0R58AfaZK9VXDQ4TogOSEmICVrQAA3zFnHQ==}
    engines: {node: '>= 8.0.0'}
    peerDependencies:
      rollup: ^1.20.0||^2.0.0
    dependencies:
      estree-walker: 2.0.2
      picomatch: 2.2.2
    dev: true

  /@sveltejs/vite-plugin-svelte/1.0.0-next.6_svelte@3.37.0+vite@2.1.5:
    resolution: {integrity: sha512-P+skZslGT+zPXRH9SlEu21LXuFpkQITRcvQb/NRpZHrxj04VDRbuKwksOfq+vDHO/K4HWioXIAQoQnJ3oomItw==}
    engines: {node: '>=12.0.0'}
    peerDependencies:
      svelte: ^3.37.0
      vite: ^2.1.5
    dependencies:
      '@rollup/pluginutils': 4.1.0
      chalk: 4.1.0
      debug: 4.3.2
      hash-sum: 2.0.0
      require-relative: 0.8.7
      slash: 3.0.0
      source-map: 0.7.3
      svelte: 3.37.0
      svelte-hmr: 0.14.0_svelte@3.37.0
      vite: 2.1.5
    transitivePeerDependencies:
      - rollup
      - supports-color
    dev: true

  /@types/estree/0.0.39:
    resolution: {integrity: sha512-EYNwp3bU+98cpU4lAWYYL7Zz+2gryWH1qbdDTidVd6hkiR6weksdbMadyXKXNPEkQFhXM+hVO9ZygomHXp+AIw==}
    dev: true

  /@types/estree/0.0.47:
    resolution: {integrity: sha512-c5ciR06jK8u9BstrmJyO97m+klJrrhCf9u3rLu3DEAJBirxRqSCvDQoYKmxuYwQI5SZChAWu+tq9oVlGRuzPAg==}
    dev: true

  /@types/node/14.14.41:
    resolution: {integrity: sha512-dueRKfaJL4RTtSa7bWeTK1M+VH+Gns73oCgzvYfHZywRCoPSd8EkXBL0mZ9unPTveBn+D9phZBaxuzpwjWkW0g==}
    dev: true

  /@types/resolve/1.17.1:
    resolution: {integrity: sha512-yy7HuzQhj0dhGpD8RLXSZWEkLsV9ibvxvi6EiJ3bkqLAO1RGo0WbkWQiwpRlSFymTJRz0d3k5LM3kkx8ArDbLw==}
    dependencies:
      '@types/node': 14.14.41
    dev: true

  /abab/2.0.5:
    resolution: {integrity: sha512-9IK9EadsbHo6jLWIpxpR6pL0sazTXV6+SQv25ZB+F7Bj9mJNaOc4nCRabwd5M/JwmUa8idz6Eci6eKfJryPs6Q==}
    dev: true

  /acorn-globals/6.0.0:
    resolution: {integrity: sha512-ZQl7LOWaF5ePqqcX4hLuv/bLXYQNfNWw2c0/yX/TsPRKamzHcTGQnlCjHT3TsmkOUVEPS3crCxiPfdzE/Trlhg==}
    dependencies:
      acorn: 7.4.1
      acorn-walk: 7.2.0
    dev: true

  /acorn-walk/7.2.0:
    resolution: {integrity: sha512-OPdCF6GsMIP+Az+aWfAAOEt2/+iVDKE7oy6lJ098aoe59oAmK76qV6Gw60SbZ8jHuG2wH058GF4pLFbYamYrVA==}
    engines: {node: '>=0.4.0'}
    dev: true

  /acorn/7.4.1:
    resolution: {integrity: sha512-nQyp0o1/mNdbTO1PO6kHkwSrmgZ0MT/jCCpNiwbUjGoRN4dlBhqJtoQuCnEOKzgTVwg0ZWiCoQy6SxMebQVh8A==}
    engines: {node: '>=0.4.0'}
    hasBin: true
    dev: true

  /acorn/8.1.1:
    resolution: {integrity: sha512-xYiIVjNuqtKXMxlRMDc6mZUhXehod4a3gbZ1qRlM7icK4EbxUFNLhWoPblCvFtB2Y9CIqHP3CF/rdxLItaQv8g==}
    engines: {node: '>=0.4.0'}
    hasBin: true
    dev: true

  /ajv/6.12.6:
    resolution: {integrity: sha512-j3fVLgvTo527anyYyJOGTYJbG+vnnQYvE0m5mmkc1TK+nxAppkCLMIL0aZ4dblVCNoGShhm+kzE4ZUykBoMg4g==}
    dependencies:
      fast-deep-equal: 3.1.3
      fast-json-stable-stringify: 2.1.0
      json-schema-traverse: 0.4.1
      uri-js: 4.4.1
    dev: true

  /ansi-styles/4.3.0:
    resolution: {integrity: sha512-zbB9rCJAT1rbjiVDb2hqKFHNYLxgtk8NURxZ3IZwD3F6NtxbXZQCnnSi1Lkx+IDohdPlFp222wVALIheZJQSEg==}
    engines: {node: '>=8'}
    dependencies:
      color-convert: 2.0.1
    dev: true

  /asn1/0.2.4:
    resolution: {integrity: sha512-jxwzQpLQjSmWXgwaCZE9Nz+glAG01yF1QnWgbhGwHI5A6FRIEY6IVqtHhIepHqI7/kyEyQEagBC5mBEFlIYvdg==}
    dependencies:
      safer-buffer: 2.1.2
    dev: true

  /assert-plus/1.0.0:
    resolution: {integrity: sha1-8S4PPF13sLHN2RRpQuTpbB5N1SU=}
    engines: {node: '>=0.8'}
    dev: true

  /asynckit/0.4.0:
    resolution: {integrity: sha1-x57Zf380y48robyXkLzDZkdLS3k=}
    dev: true

  /aws-sign2/0.7.0:
    resolution: {integrity: sha1-tG6JCTSpWR8tL2+G1+ap8bP+dqg=}
    dev: true

  /aws4/1.11.0:
    resolution: {integrity: sha512-xh1Rl34h6Fi1DC2WWKfxUTVqRsNnr6LsKz2+hfwDxQJWmrx8+c7ylaqBMcHfl1U1r2dsifOvKX3LQuLNZ+XSvA==}
    dev: true

  /bcrypt-pbkdf/1.0.2:
    resolution: {integrity: sha1-pDAdOJtqQ/m2f/PKEaP2Y342Dp4=}
    dependencies:
      tweetnacl: 0.14.5
    dev: true

  /browser-process-hrtime/1.0.0:
    resolution: {integrity: sha512-9o5UecI3GhkpM6DrXr69PblIuWxPKk9Y0jHBRhdocZ2y7YECBFCsHm79Pr3OyR2AvjhDkabFJaDJMYRazHgsow==}
    dev: true

  /builtin-modules/3.2.0:
    resolution: {integrity: sha512-lGzLKcioL90C7wMczpkY0n/oART3MbBa8R9OFGE1rJxoVI86u4WAGfEk8Wjv10eKSyTHVGkSo3bvBylCEtk7LA==}
    engines: {node: '>=6'}
    dev: true

  /bulma/0.9.2:
    resolution: {integrity: sha512-e14EF+3VSZ488yL/lJH0tR8mFWiEQVCMi/BQUMi2TGMBOk+zrDg4wryuwm/+dRSHJw0gMawp2tsW7X1JYUCE3A==}
    dev: false

  /caseless/0.12.0:
    resolution: {integrity: sha1-G2gcIf+EAzyCZUMJBolCDRhxUdw=}
    dev: true

  /chalk/4.1.0:
    resolution: {integrity: sha512-qwx12AxXe2Q5xQ43Ac//I6v5aXTipYrSESdOgzrN+9XjgEpyjpKuvSGaN4qE93f7TQTlerQQ8S+EQ0EyDoVL1A==}
    engines: {node: '>=10'}
    dependencies:
      ansi-styles: 4.3.0
      supports-color: 7.2.0
    dev: true

  /code-red/0.1.4:
    resolution: {integrity: sha512-NPiLFd1EfonYONCNXCH1oVirQMXk5oAOQ3FanRbjB4HZ09rTU/lZGKjVOOP0FKr4pccGVYE5I4CqtyU6ens2VA==}
    dependencies:
      acorn: 7.4.1
      is-reference: 1.2.1
      periscopic: 2.0.3
      sourcemap-codec: 1.4.8
    dev: true

  /color-convert/2.0.1:
    resolution: {integrity: sha512-RRECPsj7iu/xb5oKYcsFHSppFNnsj/52OVTRKb4zP5onXwVF3zVmmToNcOfGC+CRDpfK/U584fMg38ZHCaElKQ==}
    engines: {node: '>=7.0.0'}
    dependencies:
      color-name: 1.1.4
    dev: true

  /color-name/1.1.4:
    resolution: {integrity: sha512-dOy+3AuW3a2wNbZHIuMZpTcgjGuLU/uBL/ubcZF9OXbDo8ff4O8yVp5Bf0efS8uEoYo5q4Fx7dY9OgQGXgAsQA==}
    dev: true

  /colorette/1.2.2:
    resolution: {integrity: sha512-MKGMzyfeuutC/ZJ1cba9NqcNpfeqMUcYmyF1ZFY6/Cn7CNSAKx6a+s48sqLqyAiZuaP2TcqMhoo+dlwFnVxT9w==}
    dev: true

  /combined-stream/1.0.8:
    resolution: {integrity: sha512-FQN4MRfuJeHf7cBbBMJFXhKSDq+2kAArBlmRBvcvFE5BB1HZKXtSFASDhdlz9zOYwxh8lDdnvmMOe/+5cdoEdg==}
    engines: {node: '>= 0.8'}
    dependencies:
      delayed-stream: 1.0.0
    dev: true

  /core-util-is/1.0.2:
    resolution: {integrity: sha1-tf1UIgqivFq1eqtxQMlAdUUDwac=}
    dev: true

  /cssom/0.3.8:
    resolution: {integrity: sha512-b0tGHbfegbhPJpxpiBPU2sCkigAqtM9O121le6bbOlgyV+NyGyCmVfJ6QW9eRjz8CpNfWEOYBIMIGRYkLwsIYg==}
    dev: true

  /cssom/0.4.4:
    resolution: {integrity: sha512-p3pvU7r1MyyqbTk+WbNJIgJjG2VmTIaB10rI93LzVPrmDJKkzKYMtxxyAvQXR/NS6otuzveI7+7BBq3SjBS2mw==}
    dev: true

  /cssstyle/2.3.0:
    resolution: {integrity: sha512-AZL67abkUzIuvcHqk7c09cezpGNcxUxU4Ioi/05xHk4DQeTkWmGYftIE6ctU6AEt+Gn4n1lDStOtj7FKycP71A==}
    engines: {node: '>=8'}
    dependencies:
      cssom: 0.3.8
    dev: true

  /dainte/0.1.5:
    resolution: {integrity: sha512-P+XW0xzRPavN18GWYZ5aUSyaLNt8QFu855Uq3CQUudj9V42ipXMzk4Y34ByMhVmOHAYmWkT0ww1JBP4t1cTeNg==}
    dependencies:
      '@rollup/plugin-node-resolve': 11.2.1_rollup@2.45.2
      code-red: 0.1.4
      jsdom: 16.5.3
      rollup: 2.45.2
      rollup-plugin-svelte: 7.1.0_rollup@2.45.2+svelte@3.37.0
      svelte: 3.37.0
    transitivePeerDependencies:
      - bufferutil
      - canvas
      - utf-8-validate
    dev: true

  /dashdash/1.14.1:
    resolution: {integrity: sha1-hTz6D3y+L+1d4gMmuN1YEDX24vA=}
    engines: {node: '>=0.10'}
    dependencies:
      assert-plus: 1.0.0
    dev: true

  /data-urls/2.0.0:
    resolution: {integrity: sha512-X5eWTSXO/BJmpdIKCRuKUgSCgAN0OwliVK3yPKbwIWU1Tdw5BRajxlzMidvh+gwko9AfQ9zIj52pzF91Q3YAvQ==}
    engines: {node: '>=10'}
    dependencies:
      abab: 2.0.5
      whatwg-mimetype: 2.3.0
      whatwg-url: 8.5.0
    dev: true

  /debug/4.3.2:
    resolution: {integrity: sha512-mOp8wKcvj7XxC78zLgw/ZA+6TSgkoE2C/ienthhRD298T7UNwAg9diBpLRxC0mOezLl4B0xV7M0cCO6P/O0Xhw==}
    engines: {node: '>=6.0'}
    peerDependencies:
      supports-color: '*'
    peerDependenciesMeta:
      supports-color:
        optional: true
    dependencies:
      ms: 2.1.2
    dev: true

  /decimal.js/10.2.1:
    resolution: {integrity: sha512-KaL7+6Fw6i5A2XSnsbhm/6B+NuEA7TZ4vqxnd5tXz9sbKtrN9Srj8ab4vKVdK8YAqZO9P1kg45Y6YLoduPf+kw==}
    dev: true

  /decode-uri-component/0.2.0:
    resolution: {integrity: sha1-6zkTMzRYd1y4TNGh+uBiEGu4dUU=}
    engines: {node: '>=0.10'}
    dev: false

  /deep-is/0.1.3:
    resolution: {integrity: sha1-s2nW+128E+7PUk+RsHD+7cNXzzQ=}
    dev: true

  /deepmerge/4.2.2:
    resolution: {integrity: sha512-FJ3UgI4gIl+PHZm53knsuSFpE+nESMr7M4v9QcgB7S63Kj/6WqMiFQJpBBYz1Pt+66bZpP3Q7Lye0Oo9MPKEdg==}
    engines: {node: '>=0.10.0'}
    dev: true

  /delayed-stream/1.0.0:
    resolution: {integrity: sha1-3zrhmayt+31ECqrgsp4icrJOxhk=}
    engines: {node: '>=0.4.0'}
    dev: true

  /domexception/2.0.1:
    resolution: {integrity: sha512-yxJ2mFy/sibVQlu5qHjOkf9J3K6zgmCxgJ94u2EdvDOV09H+32LtRswEcUsmUWN72pVLOEnTSRaIVVzVQgS0dg==}
    engines: {node: '>=8'}
    dependencies:
      webidl-conversions: 5.0.0
    dev: true

  /ecc-jsbn/0.1.2:
    resolution: {integrity: sha1-OoOpBOVDUyh4dMVkt1SThoSamMk=}
    dependencies:
      jsbn: 0.1.1
      safer-buffer: 2.1.2
    dev: true

  /esbuild/0.9.7:
    resolution: {integrity: sha512-VtUf6aQ89VTmMLKrWHYG50uByMF4JQlVysb8dmg6cOgW8JnFCipmz7p+HNBl+RR3LLCuBxFGVauAe2wfnF9bLg==}
    hasBin: true
    requiresBuild: true
    dev: true

  /escodegen/2.0.0:
    resolution: {integrity: sha512-mmHKys/C8BFUGI+MAWNcSYoORYLMdPzjrknd2Vc+bUsjN5bXcr8EhrNB+UTqfL1y3I9c4fw2ihgtMPQLBRiQxw==}
    engines: {node: '>=6.0'}
    hasBin: true
    dependencies:
      esprima: 4.0.1
      estraverse: 5.2.0
      esutils: 2.0.3
      optionator: 0.8.3
    optionalDependencies:
      source-map: 0.6.1
    dev: true

  /esprima/4.0.1:
    resolution: {integrity: sha512-eGuFFw7Upda+g4p+QHvnW0RyTX/SVeJBDM/gCtMARO0cLuT2HcEKnTPvhjV6aGeqrCB/sbNop0Kszm0jsaWU4A==}
    engines: {node: '>=4'}
    hasBin: true
    dev: true

  /estraverse/5.2.0:
    resolution: {integrity: sha512-BxbNGGNm0RyRYvUdHpIwv9IWzeM9XClbOxwoATuFdOE7ZE6wHL+HQ5T8hoPM+zHvmKzzsEqhgy0GrQ5X13afiQ==}
    engines: {node: '>=4.0'}
    dev: true

  /estree-walker/0.6.1:
    resolution: {integrity: sha512-SqmZANLWS0mnatqbSfRP5g8OXZC12Fgg1IwNtLsyHDzJizORW4khDfjPqJZsemPWBB2uqykUah5YpQ6epsqC/w==}
    dev: true

  /estree-walker/1.0.1:
    resolution: {integrity: sha512-1fMXF3YP4pZZVozF8j/ZLfvnR8NSIljt56UhbZ5PeeDmmGHpgpdwQt7ITlGvYaQukCvuBRMLEiKiYC+oeIg4cg==}
    dev: true

  /estree-walker/2.0.2:
    resolution: {integrity: sha512-Rfkk/Mp/DL7JVje3u18FxFujQlTNR2q6QfMSMB7AvCBx91NGj/ba3kCfza0f6dVDbw7YlRf/nDrn7pQrCCyQ/w==}
    dev: true

  /esutils/2.0.3:
    resolution: {integrity: sha512-kVscqXk4OCp68SZ0dkgEKVi6/8ij300KBWTJq32P/dYeWTSwK41WyTxalN1eRmA5Z9UU/LX9D7FWSmV9SAYx6g==}
    engines: {node: '>=0.10.0'}
    dev: true

  /extend/3.0.2:
    resolution: {integrity: sha512-fjquC59cD7CyW6urNXK0FBufkZcoiGG80wTuPujX590cB5Ttln20E2UB4S/WARVqhXffZl2LNgS+gQdPIIim/g==}
    dev: true

  /extsprintf/1.3.0:
    resolution: {integrity: sha1-lpGEQOMEGnpBT4xS48V06zw+HgU=}
    engines: {'0': node >=0.6.0}
    dev: true

  /fast-deep-equal/3.1.3:
    resolution: {integrity: sha512-f3qQ9oQy9j2AhBe/H9VC91wLmKBCCU/gDOnKNAYG5hswO7BLKj09Hc5HYNz9cGI++xlpDCIgDaitVs03ATR84Q==}
    dev: true

  /fast-json-stable-stringify/2.1.0:
    resolution: {integrity: sha512-lhd/wF+Lk98HZoTCtlVraHtfh5XYijIjalXck7saUtuanSDyLMxnHhSXEDJqHxD7msR8D0uCmqlkwjCV8xvwHw==}
    dev: true

  /fast-levenshtein/2.0.6:
    resolution: {integrity: sha1-PYpcZog6FqMMqGQ+hR8Zuqd5eRc=}
    dev: true

  /filter-obj/1.1.0:
    resolution: {integrity: sha1-mzERErxsYSehbgFsbF1/GeCAXFs=}
    engines: {node: '>=0.10.0'}
    dev: false

  /forever-agent/0.6.1:
    resolution: {integrity: sha1-+8cfDEGt6zf5bFd60e1C2P2sypE=}
    dev: true

  /form-data/2.3.3:
    resolution: {integrity: sha512-1lLKB2Mu3aGP1Q/2eCOx0fNbRMe7XdwktwOruhfqqd0rIJWwN4Dh+E3hrPSlDCXnSR7UtZ1N38rVXm+6+MEhJQ==}
    engines: {node: '>= 0.12'}
    dependencies:
      asynckit: 0.4.0
      combined-stream: 1.0.8
      mime-types: 2.1.30
    dev: true

  /fsevents/2.3.2:
    resolution: {integrity: sha512-xiqMQR4xAeHTuB9uWm+fFRcIOgKBMiOBP+eXiyT7jsgVCq1bkVygt00oASowB7EdtpOHaaPgKt812P9ab+DDKA==}
    engines: {node: ^8.16.0 || ^10.6.0 || >=11.0.0}
    os: [darwin]
    dev: true
    optional: true

  /function-bind/1.1.1:
    resolution: {integrity: sha512-yIovAzMX49sF8Yl58fSCWJ5svSLuaibPxXQJFLmBObTuCr0Mf1KiPopGM9NiFjiYBCbfaa2Fh6breQ6ANVTI0A==}
    dev: true

  /getpass/0.1.7:
    resolution: {integrity: sha1-Xv+OPmhNVprkyysSgmBOi6YhSfo=}
    dependencies:
      assert-plus: 1.0.0
    dev: true

  /har-schema/2.0.0:
    resolution: {integrity: sha1-qUwiJOvKwEeCoNkDVSHyRzW37JI=}
    engines: {node: '>=4'}
    dev: true

  /har-validator/5.1.5:
    resolution: {integrity: sha512-nmT2T0lljbxdQZfspsno9hgrG3Uir6Ks5afism62poxqBM6sDnMEuPmzTq8XN0OEwqKLLdh1jQI3qyE66Nzb3w==}
    engines: {node: '>=6'}
    deprecated: this library is no longer supported
    dependencies:
      ajv: 6.12.6
      har-schema: 2.0.0
    dev: true

  /has-flag/4.0.0:
    resolution: {integrity: sha512-EykJT/Q1KjTWctppgIAgfSO0tKVuZUjhgMr17kqTumMl6Afv3EISleU7qZUzoXDFTAHTDC4NOoG/ZxU3EvlMPQ==}
    engines: {node: '>=8'}
    dev: true

  /has/1.0.3:
    resolution: {integrity: sha512-f2dvO0VU6Oej7RkWJGrehjbzMAjFp5/VKPp5tTpWIV4JHHZK1/BxbFRtf/siA2SWTe09caDmVtYYzWEIbBS4zw==}
    engines: {node: '>= 0.4.0'}
    dependencies:
      function-bind: 1.1.1
    dev: true

  /hash-sum/2.0.0:
    resolution: {integrity: sha512-WdZTbAByD+pHfl/g9QSsBIIwy8IT+EsPiKDs0KNX+zSHhdDLFKdZu0BQHljvO+0QI/BasbMSUa8wYNCZTvhslg==}
    dev: true

  /html-encoding-sniffer/2.0.1:
    resolution: {integrity: sha512-D5JbOMBIR/TVZkubHT+OyT2705QvogUW4IBn6nHd756OwieSF9aDYFj4dv6HHEVGYbHaLETa3WggZYWWMyy3ZQ==}
    engines: {node: '>=10'}
    dependencies:
      whatwg-encoding: 1.0.5
    dev: true

  /http-signature/1.2.0:
    resolution: {integrity: sha1-muzZJRFHcvPZW2WmCruPfBj7rOE=}
    engines: {node: '>=0.8', npm: '>=1.3.7'}
    dependencies:
      assert-plus: 1.0.0
      jsprim: 1.4.1
      sshpk: 1.16.1
    dev: true

  /iconv-lite/0.4.24:
    resolution: {integrity: sha512-v3MXnZAcvnywkTUEZomIActle7RXXeedOR31wwl7VlyoXO4Qi9arvSenNQWne1TcRwhCL1HwLI21bEqdpj8/rA==}
    engines: {node: '>=0.10.0'}
    dependencies:
      safer-buffer: 2.1.2
    dev: true

  /is-core-module/2.2.0:
    resolution: {integrity: sha512-XRAfAdyyY5F5cOXn7hYQDqh2Xmii+DEfIcQGxK/uNwMHhIkPWO0g8msXcbzLe+MpGoR951MlqM/2iIlU4vKDdQ==}
    dependencies:
      has: 1.0.3
    dev: true

  /is-module/1.0.0:
    resolution: {integrity: sha1-Mlj7afeMFNW4FdZkM2tM/7ZEFZE=}
    dev: true

  /is-potential-custom-element-name/1.0.1:
    resolution: {integrity: sha512-bCYeRA2rVibKZd+s2625gGnGF/t7DSqDs4dP7CrLA1m7jKWz6pps0LpYLJN8Q64HtmPKJ1hrN3nzPNKFEKOUiQ==}
    dev: true

  /is-reference/1.2.1:
    resolution: {integrity: sha512-U82MsXXiFIrjCK4otLT+o2NA2Cd2g5MLoOVXUZjIOhLurrRxpEXzI8O0KZHr3IjLvlAH1kTPYSuqer5T9ZVBKQ==}
    dependencies:
      '@types/estree': 0.0.47
    dev: true

  /is-typedarray/1.0.0:
    resolution: {integrity: sha1-5HnICFjfDBsR3dppQPlgEfzaSpo=}
    dev: true

  /isstream/0.1.2:
    resolution: {integrity: sha1-R+Y/evVa+m+S4VAOaQ64uFKcCZo=}
    dev: true

  /jsbn/0.1.1:
    resolution: {integrity: sha1-peZUwuWi3rXyAdls77yoDA7y9RM=}
    dev: true

  /jsdom/16.5.3:
    resolution: {integrity: sha512-Qj1H+PEvUsOtdPJ056ewXM4UJPCi4hhLA8wpiz9F2YvsRBhuFsXxtrIFAgGBDynQA9isAMGE91PfUYbdMPXuTA==}
    engines: {node: '>=10'}
    peerDependencies:
      canvas: ^2.5.0
    peerDependenciesMeta:
      canvas:
        optional: true
    dependencies:
      abab: 2.0.5
      acorn: 8.1.1
      acorn-globals: 6.0.0
      cssom: 0.4.4
      cssstyle: 2.3.0
      data-urls: 2.0.0
      decimal.js: 10.2.1
      domexception: 2.0.1
      escodegen: 2.0.0
      html-encoding-sniffer: 2.0.1
      is-potential-custom-element-name: 1.0.1
      nwsapi: 2.2.0
      parse5: 6.0.1
      request: 2.88.2
      request-promise-native: 1.0.9_request@2.88.2
      saxes: 5.0.1
      symbol-tree: 3.2.4
      tough-cookie: 4.0.0
      w3c-hr-time: 1.0.2
      w3c-xmlserializer: 2.0.0
      webidl-conversions: 6.1.0
      whatwg-encoding: 1.0.5
      whatwg-mimetype: 2.3.0
      whatwg-url: 8.5.0
      ws: 7.4.4
      xml-name-validator: 3.0.0
    transitivePeerDependencies:
      - bufferutil
      - utf-8-validate
    dev: true

  /json-schema-traverse/0.4.1:
    resolution: {integrity: sha512-xbbCH5dCYU5T8LcEhhuh7HJ88HXuW3qsI3Y0zOZFKfZEHcpWiHU/Jxzk629Brsab/mMiHQti9wMP+845RPe3Vg==}
    dev: true

  /json-schema/0.2.3:
    resolution: {integrity: sha1-tIDIkuWaLwWVTOcnvT8qTogvnhM=}
    dev: true

  /json-stringify-safe/5.0.1:
    resolution: {integrity: sha1-Epai1Y/UXxmg9s4B1lcB4sc1tus=}
    dev: true

  /jsprim/1.4.1:
    resolution: {integrity: sha1-MT5mvB5cwG5Di8G3SZwuXFastqI=}
    engines: {'0': node >=0.6.0}
    dependencies:
      assert-plus: 1.0.0
      extsprintf: 1.3.0
      json-schema: 0.2.3
      verror: 1.10.0
    dev: true

  /levn/0.3.0:
    resolution: {integrity: sha1-OwmSTt+fCDwEkP3UwLxEIeBHZO4=}
    engines: {node: '>= 0.8.0'}
    dependencies:
      prelude-ls: 1.1.2
      type-check: 0.3.2
    dev: true

  /lodash/4.17.21:
    resolution: {integrity: sha512-v2kDEe57lecTulaDIuNTPy3Ry4gLGJ6Z1O3vE1krgXZNrsQ+LFTGHVxVjcXPs17LhbZVGedAJv8XZ1tvj5FvSg==}
    dev: true

  /mime-db/1.47.0:
    resolution: {integrity: sha512-QBmA/G2y+IfeS4oktet3qRZ+P5kPhCKRXxXnQEudYqUaEioAU1/Lq2us3D/t1Jfo4hE9REQPrbB7K5sOczJVIw==}
    engines: {node: '>= 0.6'}
    dev: true

  /mime-types/2.1.30:
    resolution: {integrity: sha512-crmjA4bLtR8m9qLpHvgxSChT+XoSlZi8J4n/aIdn3z92e/U47Z0V/yl+Wh9W046GgFVAmoNR/fmdbZYcSSIUeg==}
    engines: {node: '>= 0.6'}
    dependencies:
      mime-db: 1.47.0
    dev: true

  /ms/2.1.2:
    resolution: {integrity: sha512-sGkPx+VjMtmA6MX27oA4FBFELFCZZ4S4XqeGOXCv68tT+jb3vk/RyaKWP0PTKyWtmLSM0b+adUTEvbs1PEaH2w==}
    dev: true

  /nanoid/3.1.22:
    resolution: {integrity: sha512-/2ZUaJX2ANuLtTvqTlgqBQNJoQO398KyJgZloL0PZkC0dpysjncRUPsFe3DUPzz/y3h+u7C46np8RMuvF3jsSQ==}
    engines: {node: ^10 || ^12 || ^13.7 || ^14 || >=15.0.1}
    hasBin: true
    dev: true

  /nwsapi/2.2.0:
    resolution: {integrity: sha512-h2AatdwYH+JHiZpv7pt/gSX1XoRGb7L/qSIeuqA6GwYoF9w1vP1cw42TO0aI2pNyshRK5893hNSl+1//vHK7hQ==}
    dev: true

  /oauth-sign/0.9.0:
    resolution: {integrity: sha512-fexhUFFPTGV8ybAtSIGbV6gOkSv8UtRbDBnAyLQw4QPKkgNlsH2ByPGtMUqdWkos6YCRmAqViwgZrJc/mRDzZQ==}
    dev: true

  /optionator/0.8.3:
    resolution: {integrity: sha512-+IW9pACdk3XWmmTXG8m3upGUJst5XRGzxMRjXzAuJ1XnIFNvfhjjIuYkDvysnPQ7qzqVzLt78BCruntqRhWQbA==}
    engines: {node: '>= 0.8.0'}
    dependencies:
      deep-is: 0.1.3
      fast-levenshtein: 2.0.6
      levn: 0.3.0
      prelude-ls: 1.1.2
      type-check: 0.3.2
      word-wrap: 1.2.3
    dev: true

  /parse5/6.0.1:
    resolution: {integrity: sha512-Ofn/CTFzRGTTxwpNEs9PP93gXShHcTq255nzRYSKe8AkVpZY7e1fpmTfOyoIvjP5HG7Z2ZM7VS9PPhQGW2pOpw==}
    dev: true

  /path-parse/1.0.6:
    resolution: {integrity: sha512-GSmOT2EbHrINBf9SR7CDELwlJ8AENk3Qn7OikK4nFYAu3Ote2+JYNVvkpAEQm3/TLNEJFD/xZJjzyxg3KBWOzw==}
    dev: true

  /performance-now/2.1.0:
    resolution: {integrity: sha1-Ywn04OX6kT7BxpMHrjZLSzd8nns=}
    dev: true

  /periscopic/2.0.3:
    resolution: {integrity: sha512-FuCZe61mWxQOJAQFEfmt9FjzebRlcpFz8sFPbyaCKtdusPkMEbA9ey0eARnRav5zAhmXznhaQkKGFAPn7X9NUw==}
    dependencies:
      estree-walker: 2.0.2
      is-reference: 1.2.1
    dev: true

  /picomatch/2.2.2:
    resolution: {integrity: sha512-q0M/9eZHzmr0AulXyPwNfZjtwZ/RBZlbN3K3CErVrk50T2ASYI7Bye0EvekFY3IP1Nt2DHu0re+V2ZHIpMkuWg==}
    engines: {node: '>=8.6'}
    dev: true

  /picomatch/2.2.3:
    resolution: {integrity: sha512-KpELjfwcCDUb9PeigTs2mBJzXUPzAuP2oPcA989He8Rte0+YUAjw1JVedDhuTKPkHjSYzMN3npC9luThGYEKdg==}
    engines: {node: '>=8.6'}
    dev: true

  /postcss/8.2.9:
    resolution: {integrity: sha512-b+TmuIL4jGtCHtoLi+G/PisuIl9avxs8IZMSmlABRwNz5RLUUACrC+ws81dcomz1nRezm5YPdXiMEzBEKgYn+Q==}
    engines: {node: ^10 || ^12 || >=14}
    dependencies:
      colorette: 1.2.2
      nanoid: 3.1.22
      source-map: 0.6.1
    dev: true

  /prelude-ls/1.1.2:
    resolution: {integrity: sha1-IZMqVJ9eUv/ZqCf1cOBL5iqX2lQ=}
    engines: {node: '>= 0.8.0'}
    dev: true

  /prettier/2.2.1:
    resolution: {integrity: sha512-PqyhM2yCjg/oKkFPtTGUojv7gnZAoG80ttl45O6x2Ug/rMJw4wcc9k6aaf2hibP7BGVCCM33gZoGjyvt9mm16Q==}
    engines: {node: '>=10.13.0'}
    hasBin: true
    dev: true

  /psl/1.8.0:
    resolution: {integrity: sha512-RIdOzyoavK+hA18OGGWDqUTsCLhtA7IcZ/6NCs4fFJaHBDab+pDDmDIByWFRQJq2Cd7r1OoQxBGKOaztq+hjIQ==}
    dev: true

  /punycode/2.1.1:
    resolution: {integrity: sha512-XRsRjdf+j5ml+y/6GKHPZbrF/8p2Yga0JPtdqTIY2Xe5ohJPD9saDJJLPvp9+NSBprVvevdXZybnj2cv8OEd0A==}
    engines: {node: '>=6'}
    dev: true

  /qs/6.5.2:
    resolution: {integrity: sha512-N5ZAX4/LxJmF+7wN74pUD6qAh9/wnvdQcjq9TZjevvXzSUo7bfmw91saqMjzGS2xq91/odN2dW/WOl7qQHNDGA==}
    engines: {node: '>=0.6'}
    dev: true

  /query-string/6.14.1:
    resolution: {integrity: sha512-XDxAeVmpfu1/6IjyT/gXHOl+S0vQ9owggJ30hhWKdHAsNPOcasn5o9BW0eejZqL2e4vMjhAxoW3jVHcD6mbcYw==}
    engines: {node: '>=6'}
    dependencies:
      decode-uri-component: 0.2.0
      filter-obj: 1.1.0
      split-on-first: 1.1.0
      strict-uri-encode: 2.0.0
    dev: false

  /regexparam/1.3.0:
    resolution: {integrity: sha512-6IQpFBv6e5vz1QAqI+V4k8P2e/3gRrqfCJ9FI+O1FLQTO+Uz6RXZEZOPmTJ6hlGj7gkERzY5BRCv09whKP96/g==}
    engines: {node: '>=6'}
    dev: false

  /request-promise-core/1.1.4_request@2.88.2:
    resolution: {integrity: sha512-TTbAfBBRdWD7aNNOoVOBH4pN/KigV6LyapYNNlAPA8JwbovRti1E88m3sYAwsLi5ryhPKsE9APwnjFTgdUjTpw==}
    engines: {node: '>=0.10.0'}
    peerDependencies:
      request: ^2.34
    dependencies:
      lodash: 4.17.21
      request: 2.88.2
    dev: true

  /request-promise-native/1.0.9_request@2.88.2:
    resolution: {integrity: sha512-wcW+sIUiWnKgNY0dqCpOZkUbF/I+YPi+f09JZIDa39Ec+q82CpSYniDp+ISgTTbKmnpJWASeJBPZmoxH84wt3g==}
    engines: {node: '>=0.12.0'}
    deprecated: request-promise-native has been deprecated because it extends the now deprecated request package, see https://github.com/request/request/issues/3142
    peerDependencies:
      request: ^2.34
    dependencies:
      request: 2.88.2
      request-promise-core: 1.1.4_request@2.88.2
      stealthy-require: 1.1.1
      tough-cookie: 2.5.0
    dev: true

  /request/2.88.2:
    resolution: {integrity: sha512-MsvtOrfG9ZcrOwAW+Qi+F6HbD0CWXEh9ou77uOb7FM2WPhwT7smM833PzanhJLsgXjN89Ir6V2PczXNnMpwKhw==}
    engines: {node: '>= 6'}
    deprecated: request has been deprecated, see https://github.com/request/request/issues/3142
    dependencies:
      aws-sign2: 0.7.0
      aws4: 1.11.0
      caseless: 0.12.0
      combined-stream: 1.0.8
      extend: 3.0.2
      forever-agent: 0.6.1
      form-data: 2.3.3
      har-validator: 5.1.5
      http-signature: 1.2.0
      is-typedarray: 1.0.0
      isstream: 0.1.2
      json-stringify-safe: 5.0.1
      mime-types: 2.1.30
      oauth-sign: 0.9.0
      performance-now: 2.1.0
      qs: 6.5.2
      safe-buffer: 5.2.1
      tough-cookie: 2.5.0
      tunnel-agent: 0.6.0
      uuid: 3.4.0
    dev: true

  /require-relative/0.8.7:
    resolution: {integrity: sha1-eZlTn8ngR6N5KPoZb44VY9q9Nt4=}
    dev: true

  /resolve/1.20.0:
    resolution: {integrity: sha512-wENBPt4ySzg4ybFQW2TT1zMQucPK95HSh/nq2CFTZVOGut2+pQvSsgtda4d26YrYcr067wjbmzOG8byDPBX63A==}
    dependencies:
      is-core-module: 2.2.0
      path-parse: 1.0.6
    dev: true

  /rollup-plugin-svelte/7.1.0_rollup@2.45.2+svelte@3.37.0:
    resolution: {integrity: sha512-vopCUq3G+25sKjwF5VilIbiY6KCuMNHP1PFvx2Vr3REBNMDllKHFZN2B9jwwC+MqNc3UPKkjXnceLPEjTjXGXg==}
    engines: {node: '>=10'}
    peerDependencies:
      rollup: '>=2.0.0'
      svelte: '>=3.5.0'
    dependencies:
      require-relative: 0.8.7
      rollup: 2.45.2
      rollup-pluginutils: 2.8.2
      svelte: 3.37.0
    dev: true

  /rollup-pluginutils/2.8.2:
    resolution: {integrity: sha512-EEp9NhnUkwY8aif6bxgovPHMoMoNr2FulJziTndpt5H9RdwC47GSGuII9XxpSdzVGM0GWrNPHV6ie1LTNJPaLQ==}
    dependencies:
      estree-walker: 0.6.1
    dev: true

  /rollup/2.45.1:
    resolution: {integrity: sha512-vPD+JoDj3CY8k6m1bLcAFttXMe78P4CMxoau0iLVS60+S9kLsv2379xaGy4NgYWu+h2WTlucpoLPAoUoixFBag==}
    engines: {node: '>=10.0.0'}
    hasBin: true
    optionalDependencies:
      fsevents: 2.3.2
    dev: true

  /rollup/2.45.2:
    resolution: {integrity: sha512-kRRU7wXzFHUzBIv0GfoFFIN3m9oteY4uAsKllIpQDId5cfnkWF2J130l+27dzDju0E6MScKiV0ZM5Bw8m4blYQ==}
    engines: {node: '>=10.0.0'}
    hasBin: true
    optionalDependencies:
      fsevents: 2.3.2
    dev: true

  /safe-buffer/5.2.1:
    resolution: {integrity: sha512-rp3So07KcdmmKbGvgaNxQSJr7bGVSVk5S9Eq1F+ppbRo70+YeaDxkw5Dd8NPN+GD6bjnYm2VuPuCXmpuYvmCXQ==}
    dev: true

  /safer-buffer/2.1.2:
    resolution: {integrity: sha512-YZo3K82SD7Riyi0E1EQPojLz7kpepnSQI9IyPbHHg1XXXevb5dJI7tpyN2ADxGcQbHG7vcyRHk0cbwqcQriUtg==}
    dev: true

  /saxes/5.0.1:
    resolution: {integrity: sha512-5LBh1Tls8c9xgGjw3QrMwETmTMVk0oFgvrFSvWx62llR2hcEInrKNZ2GZCCuuy2lvWrdl5jhbpeqc5hRYKFOcw==}
    engines: {node: '>=10'}
    dependencies:
      xmlchars: 2.2.0
    dev: true

  /slash/3.0.0:
    resolution: {integrity: sha512-g9Q1haeby36OSStwb4ntCGGGaKsaVSjQ68fBxoQcutl5fS1vuY18H3wSt3jFyFtrkx+Kz0V1G85A4MyAdDMi2Q==}
    engines: {node: '>=8'}
    dev: true

  /source-map/0.6.1:
    resolution: {integrity: sha512-UjgapumWlbMhkBgzT7Ykc5YXUT46F0iKu8SGXq0bcwP5dz/h0Plj6enJqjz1Zbq2l5WaqYnrVbwWOWMyF3F47g==}
    engines: {node: '>=0.10.0'}
    dev: true

  /source-map/0.7.3:
    resolution: {integrity: sha512-CkCj6giN3S+n9qrYiBTX5gystlENnRW5jZeNLHpe6aue+SrHcG5VYwujhW9s4dY31mEGsxBDrHR6oI69fTXsaQ==}
    engines: {node: '>= 8'}
    dev: true

  /sourcemap-codec/1.4.8:
    resolution: {integrity: sha512-9NykojV5Uih4lgo5So5dtw+f0JgJX30KCNI8gwhz2J9A15wD0Ml6tjHKwf6fTSa6fAdVBdZeNOs9eJ71qCk8vA==}
    dev: true

  /split-on-first/1.1.0:
    resolution: {integrity: sha512-43ZssAJaMusuKWL8sKUBQXHWOpq8d6CfN/u1p4gUzfJkM05C8rxTmYrkIPTXapZpORA6LkkzcUulJ8FqA7Uudw==}
    engines: {node: '>=6'}
    dev: false

  /sshpk/1.16.1:
    resolution: {integrity: sha512-HXXqVUq7+pcKeLqqZj6mHFUMvXtOJt1uoUx09pFW6011inTMxqI8BA8PM95myrIyyKwdnzjdFjLiE6KBPVtJIg==}
    engines: {node: '>=0.10.0'}
    hasBin: true
    dependencies:
      asn1: 0.2.4
      assert-plus: 1.0.0
      bcrypt-pbkdf: 1.0.2
      dashdash: 1.14.1
      ecc-jsbn: 0.1.2
      getpass: 0.1.7
      jsbn: 0.1.1
      safer-buffer: 2.1.2
      tweetnacl: 0.14.5
    dev: true

  /stealthy-require/1.1.1:
    resolution: {integrity: sha1-NbCYdbT/SfJqd35QmzCQoyJr8ks=}
    engines: {node: '>=0.10.0'}
    dev: true

  /strict-uri-encode/2.0.0:
    resolution: {integrity: sha1-ucczDHBChi9rFC3CdLvMWGbONUY=}
    engines: {node: '>=4'}
    dev: false

  /supports-color/7.2.0:
    resolution: {integrity: sha512-qpCAvRl9stuOHveKsn7HncJRvv501qIacKzQlO/+Lwxc9+0q2wLyv4Dfvt80/DPn2pqOBsJdDiogXGR9+OvwRw==}
    engines: {node: '>=8'}
    dependencies:
      has-flag: 4.0.0
    dev: true

  /svelte-hmr/0.14.0_svelte@3.37.0:
    resolution: {integrity: sha512-Rc4w11U+U30m/cHqOJ/xioFSEAY5fd5muiQC7FL6XJuJAuB2OIJoEZl3KEJR2uO1/f4Bw0PdrugtbxcngSsOtQ==}
    peerDependencies:
      svelte: '>=3.19.0'
    dependencies:
      svelte: 3.37.0
    dev: true

  /svelte-spa-router/3.1.0:
    resolution: {integrity: sha512-jlM/xwjn57mylr+pzHYCOOy+IPQauT46gOucNGTBu6jHcFXu3F+oaojN4PXC1LYizRGxFB6QA0qnYbZnRfX7Sg==}
    dependencies:
      regexparam: 1.3.0
    dev: false

  /svelte/3.37.0:
    resolution: {integrity: sha512-TRF30F4W4+d+Jr2KzUUL1j8Mrpns/WM/WacxYlo5MMb2E5Qy2Pk1Guj6GylxsW9OnKQl1tnF8q3hG/hQ3h6VUA==}
    engines: {node: '>= 8'}

  /symbol-tree/3.2.4:
    resolution: {integrity: sha512-9QNk5KwDF+Bvz+PyObkmSYjI5ksVUYtjW7AU22r2NKcfLJcXp96hkDWU3+XndOsUb+AQ9QhfzfCT2O+CNWT5Tw==}
    dev: true

  /tough-cookie/2.5.0:
    resolution: {integrity: sha512-nlLsUzgm1kfLXSXfRZMc1KLAugd4hqJHDTvc2hDIwS3mZAfMEuMbc03SujMF+GEcpaX/qboeycw6iO8JwVv2+g==}
    engines: {node: '>=0.8'}
    dependencies:
      psl: 1.8.0
      punycode: 2.1.1
    dev: true

  /tough-cookie/4.0.0:
    resolution: {integrity: sha512-tHdtEpQCMrc1YLrMaqXXcj6AxhYi/xgit6mZu1+EDWUn+qhUf8wMQoFIy9NXuq23zAwtcB0t/MjACGR18pcRbg==}
    engines: {node: '>=6'}
    dependencies:
      psl: 1.8.0
      punycode: 2.1.1
      universalify: 0.1.2
    dev: true

  /tr46/2.0.2:
    resolution: {integrity: sha512-3n1qG+/5kg+jrbTzwAykB5yRYtQCTqOGKq5U5PE3b0a1/mzo6snDhjGS0zJVJunO0NrT3Dg1MLy5TjWP/UJppg==}
    engines: {node: '>=8'}
    dependencies:
      punycode: 2.1.1
    dev: true

  /tunnel-agent/0.6.0:
    resolution: {integrity: sha1-J6XeoGs2sEoKmWZ3SykIaPD8QP0=}
    dependencies:
      safe-buffer: 5.2.1
    dev: true

  /tweetnacl/0.14.5:
    resolution: {integrity: sha1-WuaBd/GS1EViadEIr6k/+HQ/T2Q=}
    dev: true

  /type-check/0.3.2:
    resolution: {integrity: sha1-WITKtRLPHTVeP7eE8wgEsrUg23I=}
    engines: {node: '>= 0.8.0'}
    dependencies:
      prelude-ls: 1.1.2
    dev: true

  /universalify/0.1.2:
    resolution: {integrity: sha512-rBJeI5CXAlmy1pV+617WB9J63U6XcazHHF2f2dbJix4XzpUF0RS3Zbj0FGIOCAva5P/d/GBOYaACQ1w+0azUkg==}
    engines: {node: '>= 4.0.0'}
    dev: true

  /uri-js/4.4.1:
    resolution: {integrity: sha512-7rKUyy33Q1yc98pQ1DAmLtwX109F7TIfWlW1Ydo8Wl1ii1SeHieeh0HHfPeL2fMXK6z0s8ecKs9frCuLJvndBg==}
    dependencies:
      punycode: 2.1.1
    dev: true

  /uuid/3.4.0:
    resolution: {integrity: sha512-HjSDRw6gZE5JMggctHBcjVak08+KEVhSIiDzFnT9S9aegmp85S/bReBVTb4QTFaRNptJ9kuYaNhnbNEOkbKb/A==}
    hasBin: true
    dev: true

  /uuid/8.3.2:
    resolution: {integrity: sha512-+NYs2QeMWy+GWFOEm9xnn6HCDp0l7QBD7ml8zLUmJ+93Q5NF0NocErnwkTkXVFNiX3/fpC6afS8Dhb/gz7R7eg==}
    hasBin: true
    dev: false

  /verror/1.10.0:
    resolution: {integrity: sha1-OhBcoXBTr1XW4nDB+CiGguGNpAA=}
    engines: {'0': node >=0.6.0}
    dependencies:
      assert-plus: 1.0.0
      core-util-is: 1.0.2
      extsprintf: 1.3.0
    dev: true

  /vite/2.1.5:
    resolution: {integrity: sha512-tYU5iaYeUgQYvK/CNNz3tiJ8vYqPWfCE9IQ7K0iuzYovWw7lzty7KRYGWwV3CQPh0NKxWjOczAqiJsCL0Xb+Og==}
    engines: {node: '>=12.0.0'}
    hasBin: true
    dependencies:
      esbuild: 0.9.7
      postcss: 8.2.9
      resolve: 1.20.0
      rollup: 2.45.1
    optionalDependencies:
      fsevents: 2.3.2
    dev: true

  /w3c-hr-time/1.0.2:
    resolution: {integrity: sha512-z8P5DvDNjKDoFIHK7q8r8lackT6l+jo/Ye3HOle7l9nICP9lf1Ci25fy9vHd0JOWewkIFzXIEig3TdKT7JQ5fQ==}
    dependencies:
      browser-process-hrtime: 1.0.0
    dev: true

  /w3c-xmlserializer/2.0.0:
    resolution: {integrity: sha512-4tzD0mF8iSiMiNs30BiLO3EpfGLZUT2MSX/G+o7ZywDzliWQ3OPtTZ0PTC3B3ca1UAf4cJMHB+2Bf56EriJuRA==}
    engines: {node: '>=10'}
    dependencies:
      xml-name-validator: 3.0.0
    dev: true

  /webidl-conversions/5.0.0:
    resolution: {integrity: sha512-VlZwKPCkYKxQgeSbH5EyngOmRp7Ww7I9rQLERETtf5ofd9pGeswWiOtogpEO850jziPRarreGxn5QIiTqpb2wA==}
    engines: {node: '>=8'}
    dev: true

  /webidl-conversions/6.1.0:
    resolution: {integrity: sha512-qBIvFLGiBpLjfwmYAaHPXsn+ho5xZnGvyGvsarywGNc8VyQJUMHJ8OBKGGrPER0okBeMDaan4mNBlgBROxuI8w==}
    engines: {node: '>=10.4'}
    dev: true

  /whatwg-encoding/1.0.5:
    resolution: {integrity: sha512-b5lim54JOPN9HtzvK9HFXvBma/rnfFeqsic0hSpjtDbVxR3dJKLc+KB4V6GgiGOvl7CY/KNh8rxSo9DKQrnUEw==}
    dependencies:
      iconv-lite: 0.4.24
    dev: true

  /whatwg-mimetype/2.3.0:
    resolution: {integrity: sha512-M4yMwr6mAnQz76TbJm914+gPpB/nCwvZbJU28cUD6dR004SAxDLOOSUaB1JDRqLtaOV/vi0IC5lEAGFgrjGv/g==}
    dev: true

  /whatwg-url/8.5.0:
    resolution: {integrity: sha512-fy+R77xWv0AiqfLl4nuGUlQ3/6b5uNfQ4WAbGQVMYshCTCCPK9psC1nWh3XHuxGVCtlcDDQPQW1csmmIQo+fwg==}
    engines: {node: '>=10'}
    dependencies:
      lodash: 4.17.21
      tr46: 2.0.2
      webidl-conversions: 6.1.0
    dev: true

  /word-wrap/1.2.3:
    resolution: {integrity: sha512-Hz/mrNwitNRh/HUAtM/VT/5VH+ygD6DV7mYKZAtHOrbs8U7lvPS6xf7EJKMF0uW1KJCl0H701g3ZGus+muE5vQ==}
    engines: {node: '>=0.10.0'}
    dev: true

  /ws/7.4.4:
    resolution: {integrity: sha512-Qm8k8ojNQIMx7S+Zp8u/uHOx7Qazv3Yv4q68MiWWWOJhiwG5W3x7iqmRtJo8xxrciZUY4vRxUTJCKuRnF28ZZw==}
    engines: {node: '>=8.3.0'}
    peerDependencies:
      bufferutil: ^4.0.1
      utf-8-validate: ^5.0.2
    peerDependenciesMeta:
      bufferutil:
        optional: true
      utf-8-validate:
        optional: true
    dev: true

  /xml-name-validator/3.0.0:
    resolution: {integrity: sha512-A5CUptxDsvxKJEU3yO6DuWBSJz/qizqzJKOMIfUJHETbBw/sFaDxgd6fxm1ewUaM0jZ444Fc5vC5ROYurg/4Pw==}
    dev: true

  /xmlchars/2.2.0:
    resolution: {integrity: sha512-JZnDKK8B0RCDw84FNdDAIpZK+JuJw+s7Lz8nksI7SIuU3UXJJslUthsi+uWBUYOwPFwW7W7PRLRfUKpxjtjFCw==}
    dev: true
